<?xml version="1.0" encoding="utf-8"?>
<Project ToolsVersion="4.0" xmlns="http://schemas.microsoft.com/developer/msbuild/2003">
  <ItemGroup>
    <Filter Include="Source Files">
      <UniqueIdentifier>{4FC737F1-C7A5-4376-A066-2A32D752A2FF}</UniqueIdentifier>
      <Extensions>cpp;c;cc;cxx;def;odl;idl;hpj;bat;asm;asmx</Extensions>
    </Filter>
    <Filter Include="Header Files">
      <UniqueIdentifier>{93995380-89BD-4b04-88EB-625FBE52EBFB}</UniqueIdentifier>
      <Extensions>h;hh;hpp;hxx;hm;inl;inc;xsd</Extensions>
    </Filter>
    <Filter Include="Resource Files">
      <UniqueIdentifier>{67DA6AB6-F800-4c08-8B7A-83BB121AAD01}</UniqueIdentifier>
      <Extensions>rc;ico;cur;bmp;dlg;rc2;rct;bin;rgs;gif;jpg;jpeg;jpe;resx;tiff;tif;png;wav;mfcribbon-ms</Extensions>
    </Filter>
    <Filter Include="Source Files\ForceGenerators">
      <UniqueIdentifier>{c19c4040-84e3-4329-a7a6-25080c00744c}</UniqueIdentifier>
    </Filter>
    <Filter Include="Header Files\ContactGenerators">
      <UniqueIdentifier>{2105b021-bd5c-4d85-bb15-3a8a87413418}</UniqueIdentifier>
    </Filter>
    <Filter Include="Source Files\ContactGenerators">
      <UniqueIdentifier>{31da074b-c284-4481-97dd-c53ebf36bb78}</UniqueIdentifier>
    </Filter>
    <Filter Include="Header Files\Math">
      <UniqueIdentifier>{0435d2e8-3d31-4b07-9b8e-b8bcab43669e}</UniqueIdentifier>
    </Filter>
    <Filter Include="Source Files\Math">
      <UniqueIdentifier>{c3f13234-ea29-462d-a83a-7eec1538da22}</UniqueIdentifier>
    </Filter>
    <Filter Include="Header Files\ParticleForceGenerators">
      <UniqueIdentifier>{d71ab4df-ab93-4993-bb7e-5e5ab8ac88a0}</UniqueIdentifier>
    </Filter>
    <Filter Include="Header Files\RigidBodyForceGenerators">
      <UniqueIdentifier>{5ae77aa6-60b2-4c6d-b8b7-071f893a51bc}</UniqueIdentifier>
    </Filter>
    <Filter Include="Source Files\RigidBodyForceGenerators">
      <UniqueIdentifier>{4ed5b143-e7c6-4036-9c1d-658343efa3e2}</UniqueIdentifier>
    </Filter>
    <Filter Include="Header Files\Broad Phase Collision Detection">
      <UniqueIdentifier>{774bfad7-a412-49da-a90c-99292e4c9d76}</UniqueIdentifier>
    </Filter>
    <Filter Include="Source Files\Broad Phase Collision Detection">
      <UniqueIdentifier>{2d4c001e-44dc-4a3e-aac9-6e9acbfd79fd}</UniqueIdentifier>
    </Filter>
    <Filter Include="Header Files\Narrow Phase Collision Detection">
      <UniqueIdentifier>{420e064e-abd8-4d5e-a073-0cac56211a49}</UniqueIdentifier>
    </Filter>
    <Filter Include="Source Files\Narrow Phase Collision Detection">
      <UniqueIdentifier>{65e13042-ba91-4d50-9cef-5afafc4b2b9a}</UniqueIdentifier>
    </Filter>
  </ItemGroup>
  <ItemGroup>
    <ClInclude Include="Precision.h">
      <Filter>Header Files</Filter>
    </ClInclude>
    <ClInclude Include="Particle.h">
      <Filter>Header Files</Filter>
    </ClInclude>
    <ClInclude Include="pch.h">
      <Filter>Header Files</Filter>
    </ClInclude>
    <ClInclude Include="Projectile.h">
      <Filter>Header Files</Filter>
    </ClInclude>
    <ClInclude Include="ParticleDragForceGenerator.h">
      <Filter>Header Files\ParticleForceGenerators</Filter>
    </ClInclude>
    <ClInclude Include="ParticleForceGenerator.h">
      <Filter>Header Files\ParticleForceGenerators</Filter>
    </ClInclude>
    <ClInclude Include="ParticleForceRegistry.h">
      <Filter>Header Files\ParticleForceGenerators</Filter>
    </ClInclude>
    <ClInclude Include="ParticleGravityForceGenerator.h">
      <Filter>Header Files\ParticleForceGenerators</Filter>
    </ClInclude>
    <ClInclude Include="ParticleSpringForceGenerator.h">
      <Filter>Header Files\ParticleForceGenerators</Filter>
    </ClInclude>
    <ClInclude Include="ParticleAnchoredSpringForceGenerator.h">
      <Filter>Header Files\ParticleForceGenerators</Filter>
    </ClInclude>
    <ClInclude Include="ParticleBungeeForceGenerator.h">
      <Filter>Header Files\ParticleForceGenerators</Filter>
    </ClInclude>
    <ClInclude Include="ParticleAnchoredBungeeForceGenerator.h">
      <Filter>Header Files\ParticleForceGenerators</Filter>
    </ClInclude>
    <ClInclude Include="ParticleBuoyancyForceGenerator.h">
      <Filter>Header Files\ParticleForceGenerators</Filter>
    </ClInclude>
    <ClInclude Include="ParticleStiffSpringForceGenerator.h">
      <Filter>Header Files\ParticleForceGenerators</Filter>
    </ClInclude>
    <ClInclude Include="ParticleContact.h">
      <Filter>Header Files</Filter>
    </ClInclude>
    <ClInclude Include="ParticleContactResolver.h">
      <Filter>Header Files</Filter>
    </ClInclude>
    <ClInclude Include="ParticleContactGenerator.h">
      <Filter>Header Files\ContactGenerators</Filter>
    </ClInclude>
    <ClInclude Include="ParticleLink.h">
      <Filter>Header Files\ContactGenerators</Filter>
    </ClInclude>
    <ClInclude Include="ParticleCable.h">
      <Filter>Header Files\ContactGenerators</Filter>
    </ClInclude>
    <ClInclude Include="ParticleRod.h">
      <Filter>Header Files\ContactGenerators</Filter>
    </ClInclude>
    <ClInclude Include="ParticleWorld.h">
      <Filter>Header Files</Filter>
    </ClInclude>
    <ClInclude Include="Vector3.h">
      <Filter>Header Files\Math</Filter>
    </ClInclude>
    <ClInclude Include="Matrix3.h">
      <Filter>Header Files\Math</Filter>
    </ClInclude>
    <ClInclude Include="Matrix4.h">
      <Filter>Header Files\Math</Filter>
    </ClInclude>
    <ClInclude Include="Quaternion.h">
      <Filter>Header Files\Math</Filter>
    </ClInclude>
    <ClInclude Include="RigidBody.h">
      <Filter>Header Files</Filter>
    </ClInclude>
    <ClInclude Include="RigidBodyForceGenerator.h">
      <Filter>Header Files\RigidBodyForceGenerators</Filter>
    </ClInclude>
    <ClInclude Include="RigidyBodyGravityForceGenerator.h">
      <Filter>Header Files\RigidBodyForceGenerators</Filter>
    </ClInclude>
    <ClInclude Include="RigidBodySpringForceGenerator.h">
      <Filter>Header Files\RigidBodyForceGenerators</Filter>
    </ClInclude>
    <ClInclude Include="RigidBodyForceRegistry.h">
      <Filter>Header Files\RigidBodyForceGenerators</Filter>
    </ClInclude>
    <ClInclude Include="RigidBodyWorld.h">
      <Filter>Header Files</Filter>
    </ClInclude>
    <ClInclude Include="PotentialContact.h">
      <Filter>Header Files\Broad Phase Collision Detection</Filter>
    </ClInclude>
    <ClInclude Include="BVHNode.h">
      <Filter>Header Files\Broad Phase Collision Detection</Filter>
    </ClInclude>
    <ClInclude Include="BoundingSphere.h">
      <Filter>Header Files\Broad Phase Collision Detection</Filter>
    </ClInclude>
    <ClInclude Include="Contact.h">
      <Filter>Header Files\Narrow Phase Collision Detection</Filter>
    </ClInclude>
    <ClInclude Include="Primitive.h">
      <Filter>Header Files\Narrow Phase Collision Detection</Filter>
    </ClInclude>
    <ClInclude Include="CollisionData.h">
      <Filter>Header Files\Narrow Phase Collision Detection</Filter>
    </ClInclude>
    <ClInclude Include="Sphere.h">
      <Filter>Header Files\Narrow Phase Collision Detection</Filter>
    </ClInclude>
    <ClInclude Include="CollisionDetector.h">
      <Filter>Header Files\Narrow Phase Collision Detection</Filter>
    </ClInclude>
    <ClInclude Include="IntersectionTests.h">
      <Filter>Header Files</Filter>
    </ClInclude>
    <ClInclude Include="Box.h">
      <Filter>Header Files\Narrow Phase Collision Detection</Filter>
    </ClInclude>
    <ClInclude Include="Plane.h">
      <Filter>Header Files\Narrow Phase Collision Detection</Filter>
    </ClInclude>
  </ItemGroup>
  <ItemGroup>
    <ClCompile Include="pch.cpp">
      <Filter>Source Files</Filter>
    </ClCompile>
    <ClCompile Include="Particle.cpp">
      <Filter>Source Files</Filter>
    </ClCompile>
    <ClCompile Include="Projectile.cpp">
      <Filter>Source Files</Filter>
    </ClCompile>
    <ClCompile Include="ParticleDragForceGenerator.cpp">
      <Filter>Source Files\ForceGenerators</Filter>
    </ClCompile>
    <ClCompile Include="ParticleForceRegistry.cpp">
      <Filter>Source Files\ForceGenerators</Filter>
    </ClCompile>
    <ClCompile Include="ParticleGravityForceGenerator.cpp">
      <Filter>Source Files\ForceGenerators</Filter>
    </ClCompile>
    <ClCompile Include="ParticleSpringForceGenerator.cpp">
      <Filter>Source Files\ForceGenerators</Filter>
    </ClCompile>
    <ClCompile Include="ParticleAnchoredSpringForceGenerator.cpp">
      <Filter>Source Files\ForceGenerators</Filter>
    </ClCompile>
    <ClCompile Include="ParticleBungeeForceGenerator.cpp">
      <Filter>Source Files\ForceGenerators</Filter>
    </ClCompile>
    <ClCompile Include="ParticleAnchoredBungeeForceGenerator.cpp">
      <Filter>Source Files\ForceGenerators</Filter>
    </ClCompile>
    <ClCompile Include="ParticleBuoyancyForceGenerator.cpp">
      <Filter>Source Files\ForceGenerators</Filter>
    </ClCompile>
    <ClCompile Include="ParticleStiffSpringForceGenerator.cpp">
      <Filter>Source Files\ForceGenerators</Filter>
    </ClCompile>
    <ClCompile Include="ParticleContact.cpp">
      <Filter>Source Files</Filter>
    </ClCompile>
    <ClCompile Include="ParticleContactResolver.cpp">
      <Filter>Source Files</Filter>
    </ClCompile>
    <ClCompile Include="ParticleLink.cpp">
      <Filter>Source Files\ContactGenerators</Filter>
    </ClCompile>
    <ClCompile Include="ParticleCable.cpp">
      <Filter>Source Files\ContactGenerators</Filter>
    </ClCompile>
    <ClCompile Include="ParticleRod.cpp">
      <Filter>Source Files\ContactGenerators</Filter>
    </ClCompile>
    <ClCompile Include="Vector3.cpp">
      <Filter>Source Files\Math</Filter>
    </ClCompile>
    <ClCompile Include="Matrix3.cpp">
      <Filter>Source Files\Math</Filter>
    </ClCompile>
    <ClCompile Include="Matrix4.cpp">
      <Filter>Source Files\Math</Filter>
    </ClCompile>
    <ClCompile Include="Quaternion.cpp">
      <Filter>Source Files\Math</Filter>
    </ClCompile>
    <ClCompile Include="RigidBodyGravityForceGenerator.cpp">
      <Filter>Source Files\RigidBodyForceGenerators</Filter>
    </ClCompile>
    <ClCompile Include="RigidyBodySpringForceGenerator.cpp">
      <Filter>Source Files\RigidBodyForceGenerators</Filter>
    </ClCompile>
    <ClCompile Include="RigidyBody.cpp">
      <Filter>Source Files</Filter>
    </ClCompile>
    <ClCompile Include="ParticleWorld.cpp">
      <Filter>Source Files</Filter>
    </ClCompile>
    <ClCompile Include="RigidBodyForceRegistry.cpp">
      <Filter>Source Files\RigidBodyForceGenerators</Filter>
    </ClCompile>
    <ClCompile Include="RigidBodyWorld.cpp">
      <Filter>Source Files</Filter>
    </ClCompile>
    <ClCompile Include="CollisionData.cpp">
      <Filter>Source Files\Narrow Phase Collision Detection</Filter>
    </ClCompile>
    <ClCompile Include="Contact.cpp">
      <Filter>Source Files</Filter>
    </ClCompile>
    <ClCompile Include="IntersectionTests.cpp">
      <Filter>Source Files\Narrow Phase Collision Detection</Filter>
    </ClCompile>
    <ClCompile Include="Primitive.cpp">
      <Filter>Source Files\Narrow Phase Collision Detection</Filter>
    </ClCompile>
    <ClCompile Include="BoundingSphere.cpp">
      <Filter>Source Files\Narrow Phase Collision Detection</Filter>
    </ClCompile>
    <ClCompile Include="CollisionDetector.cpp">
      <Filter>Source Files\Narrow Phase Collision Detection</Filter>
    </ClCompile>
  </ItemGroup>
  <ItemGroup>
    <None Include="ClassDiagram.cd" />
    <None Include="BVHNode.inl">
      <Filter>Source Files\Broad Phase Collision Detection</Filter>
    </None>
  </ItemGroup>
</Project>